
Microsoft Visual Studio Solution File, Format Version 12.00
# Visual Studio Version 16
VisualStudioVersion = 16.0.30611.23
MinimumVisualStudioVersion = 10.0.40219.1
Project("{FAE04EC0-301F-11D3-BF4B-00C04F79EFBC}") = "vezér", "vezér\vezér.csproj", "{B49CFEB3-3F63-433F-89ED-3C5F87723CEA}"
EndProject
Global
	GlobalSection(SolutionConfigurationPlatforms) = preSolution
		Debug|Any CPU = Debug|Any CPU
		Release|Any CPU = Release|Any CPU
	EndGlobalSection
	GlobalSection(ProjectConfigurationPlatforms) = postSolution
		{B49CFEB3-3F63-433F-89ED-3C5F87723CEA}.Debug|Any CPU.ActiveCfg = Debug|Any CPU
		{B49CFEB3-3F63-433F-89ED-3C5F87723CEA}.Debug|Any CPU.Build.0 = Debug|Any CPU
		{B49CFEB3-3F63-433F-89ED-3C5F87723CEA}.Release|Any CPU.ActiveCfg = Release|Any CPU
		{B49CFEB3-3F63-433F-89ED-3C5F87723CEA}.Release|Any CPU.Build.0 = Release|Any CPU
	EndGlobalSection
	GlobalSection(SolutionProperties) = preSolution
		HideSolutionNode = FALSE
	EndGlobalSection
	GlobalSection(ExtensibilityGlobals) = postSolution
		SolutionGuid = {06D48B73-A201-4B64-B712-BBCA1F13AFCF}
	EndGlobalSection
EndGlobal
